Microsoft Visual Studio Solution File, Format Version 12.00
# Visual Studio Version 17
VisualStudioVersion = 17.5.2.0
MinimumVisualStudioVersion = 10.0.40219.1
Project("{FAE04EC0-301F-11D3-BF4B-00C04F79EFBC}") = "TareaSemana16", "TareaSemana16.csproj", "{555D5B18-46E3-C866-95F4-DF5C890345AC}"
EndProject
Global
	GlobalSection(SolutionConfigurationPlatforms) = preSolution
		Debug|Any CPU = Debug|Any CPU
		Release|Any CPU = Release|Any CPU
	EndGlobalSection
	GlobalSection(ProjectConfigurationPlatforms) = postSolution
		{555D5B18-46E3-C866-95F4-DF5C890345AC}.Debug|Any CPU.ActiveCfg = Debug|Any CPU
		{555D5B18-46E3-C866-95F4-DF5C890345AC}.Debug|Any CPU.Build.0 = Debug|Any CPU
		{555D5B18-46E3-C866-95F4-DF5C890345AC}.Release|Any CPU.ActiveCfg = Release|Any CPU
		{555D5B18-46E3-C866-95F4-DF5C890345AC}.Release|Any CPU.Build.0 = Release|Any CPU
	EndGlobalSection
	GlobalSection(SolutionProperties) = preSolution
		HideSolutionNode = FALSE
	EndGlobalSection
	GlobalSection(ExtensibilityGlobals) = postSolution
		SolutionGuid = {EEA334ED-5E48-44DD-863B-0A503754785F}
	EndGlobalSection
EndGlobal
